
Microsoft Visual Studio Solution File, Format Version 12.00
# Visual Studio Version 17
VisualStudioVersion = 17.7.34024.191
MinimumVisualStudioVersion = 10.0.40219.1
Project("{FAE04EC0-301F-11D3-BF4B-00C04F79EFBC}") = "P3", "P3.csproj", "{94271C95-CE85-442E-A26F-56200ACB0E42}"
EndProject
Global
	GlobalSection(SolutionConfigurationPlatforms) = preSolution
		Debug|Any CPU = Debug|Any CPU
		Release|Any CPU = Release|Any CPU
	EndGlobalSection
	GlobalSection(ProjectConfigurationPlatforms) = postSolution
		{94271C95-CE85-442E-A26F-56200ACB0E42}.Debug|Any CPU.ActiveCfg = Debug|Any CPU
		{94271C95-CE85-442E-A26F-56200ACB0E42}.Debug|Any CPU.Build.0 = Debug|Any CPU
		{94271C95-CE85-442E-A26F-56200ACB0E42}.Release|Any CPU.ActiveCfg = Release|Any CPU
		{94271C95-CE85-442E-A26F-56200ACB0E42}.Release|Any CPU.Build.0 = Release|Any CPU
	EndGlobalSection
	GlobalSection(SolutionProperties) = preSolution
		HideSolutionNode = FALSE
	EndGlobalSection
	GlobalSection(ExtensibilityGlobals) = postSolution
		SolutionGuid = {980CCB8A-167A-4CF7-8368-5FC054A594D0}
	EndGlobalSection
EndGlobal
